// !$*UTF8*$!
{
	archiveVersion = 1;
	classes = {
	};
	objectVersion = 77;
	objects = {

/* Begin PBXBuildFile section */
		C17498AE2F3A94B00044C6C3 /* WidgetKit.framework in Frameworks */ = {isa = PBXBuildFile; fileRef = C17498AD2F3A94B00044C6C3 /* WidgetKit.framework */; };
		C17498B02F3A94B00044C6C3 /* SwiftUI.framework in Frameworks */ = {isa = PBXBuildFile; fileRef = C17498AF2F3A94B00044C6C3 /* SwiftUI.framework */; };
		C17498BF2F3A94B10044C6C3 /* TsbeehWidgetExtension.appex in Embed Foundation Extensions */ = {isa = PBXBuildFile; fileRef = C17498AB2F3A94B00044C6C3 /* TsbeehWidgetExtension.appex */; settings = {ATTRIBUTES = (RemoveHeadersOnCopy, ); }; };
/* End PBXBuildFile section */

/* Begin PBXContainerItemProxy section */
		814C10602F2F433800055263 /* PBXContainerItemProxy */ = {
			isa = PBXContainerItemProxy;
			containerPortal = 814C104A2F2F433800055263 /* Project object */;
			proxyType = 1;
			remoteGlobalIDString = 814C10512F2F433800055263;
			remoteInfo = NawafilApp;
		};
		814C106A2F2F433800055263 /* PBXContainerItemProxy */ = {
			isa = PBXContainerItemProxy;
			containerPortal = 814C104A2F2F433800055263 /* Project object */;
			proxyType = 1;
			remoteGlobalIDString = 814C10512F2F433800055263;
			remoteInfo = NawafilApp;
		};
		C17498BD2F3A94B10044C6C3 /* PBXContainerItemProxy */ = {
			isa = PBXContainerItemProxy;
			containerPortal = 814C104A2F2F433800055263 /* Project object */;
			proxyType = 1;
			remoteGlobalIDString = C17498AA2F3A94B00044C6C3;
			remoteInfo = TsbeehWidgetExtension;
		};
/* End PBXContainerItemProxy section */

/* Begin PBXCopyFilesBuildPhase section */
		C17498C02F3A94B10044C6C3 /* Embed Foundation Extensions */ = {
			isa = PBXCopyFilesBuildPhase;
			buildActionMask = 2147483647;
			dstPath = "";
			dstSubfolderSpec = 13;
			files = (
				C17498BF2F3A94B10044C6C3 /* TsbeehWidgetExtension.appex in Embed Foundation Extensions */,
			);
			name = "Embed Foundation Extensions";
			runOnlyForDeploymentPostprocessing = 0;
		};
/* End PBXCopyFilesBuildPhase section */

/* Begin PBXFileReference section */
		814C10522F2F433800055263 /* NawafilApp.app */ = {isa = PBXFileReference; explicitFileType = wrapper.application; includeInIndex = 0; path = NawafilApp.app; sourceTree = BUILT_PRODUCTS_DIR; };
		814C105F2F2F433800055263 /* NawafilAppTests.xctest */ = {isa = PBXFileReference; explicitFileType = wrapper.cfbundle; includeInIndex = 0; path = NawafilAppTests.xctest; sourceTree = BUILT_PRODUCTS_DIR; };
		814C10692F2F433800055263 /* NawafilAppUITests.xctest */ = {isa = PBXFileReference; explicitFileType = wrapper.cfbundle; includeInIndex = 0; path = NawafilAppUITests.xctest; sourceTree = BUILT_PRODUCTS_DIR; };
		C17498AB2F3A94B00044C6C3 /* TsbeehWidgetExtension.appex */ = {isa = PBXFileReference; explicitFileType = "wrapper.app-extension"; includeInIndex = 0; path = TsbeehWidgetExtension.appex; sourceTree = BUILT_PRODUCTS_DIR; };
		C17498AD2F3A94B00044C6C3 /* WidgetKit.framework */ = {isa = PBXFileReference; lastKnownFileType = wrapper.framework; name = WidgetKit.framework; path = System/Library/Frameworks/WidgetKit.framework; sourceTree = SDKROOT; };
		C17498AF2F3A94B00044C6C3 /* SwiftUI.framework */ = {isa = PBXFileReference; lastKnownFileType = wrapper.framework; name = SwiftUI.framework; path = System/Library/Frameworks/SwiftUI.framework; sourceTree = SDKROOT; };
		C17498C62F3A988E0044C6C3 /* TsbeehWidgetExtension.entitlements */ = {isa = PBXFileReference; lastKnownFileType = text.plist.entitlements; path = TsbeehWidgetExtension.entitlements; sourceTree = "<group>"; };
/* End PBXFileReference section */

/* Begin PBXFileSystemSynchronizedBuildFileExceptionSet section */
		57065EDF2F3BDFF400736779 /* Exceptions for "NawafilApp" folder in "TsbeehWidgetExtension" target */ = {
			isa = PBXFileSystemSynchronizedBuildFileExceptionSet;
			membershipExceptions = (
				Design.swift,
				ProgressRing.swift,
				TasbeehStore.swift,
			);
			target = C17498AA2F3A94B00044C6C3 /* TsbeehWidgetExtension */;
		};
		C17498C32F3A94B10044C6C3 /* Exceptions for "TsbeehWidget" folder in "TsbeehWidgetExtension" target */ = {
			isa = PBXFileSystemSynchronizedBuildFileExceptionSet;
			membershipExceptions = (
				Info.plist,
			);
			target = C17498AA2F3A94B00044C6C3 /* TsbeehWidgetExtension */;
		};
/* End PBXFileSystemSynchronizedBuildFileExceptionSet section */

/* Begin PBXFileSystemSynchronizedRootGroup section */
		57065ECE2F3BDFF400736779 /* NawafilApp */ = {
			isa = PBXFileSystemSynchronizedRootGroup;
			exceptions = (
				57065EDF2F3BDFF400736779 /* Exceptions for "NawafilApp" folder in "TsbeehWidgetExtension" target */,
			);
			path = NawafilApp;
			sourceTree = "<group>";
		};
		814C10622F2F433800055263 /* NawafilAppTests */ = {
			isa = PBXFileSystemSynchronizedRootGroup;
			path = NawafilAppTests;
			sourceTree = "<group>";
		};
		814C106C2F2F433800055263 /* NawafilAppUITests */ = {
			isa = PBXFileSystemSynchronizedRootGroup;
			path = NawafilAppUITests;
			sourceTree = "<group>";
		};
		C17498B12F3A94B00044C6C3 /* TsbeehWidget */ = {
			isa = PBXFileSystemSynchronizedRootGroup;
			exceptions = (
				C17498C32F3A94B10044C6C3 /* Exceptions for "TsbeehWidget" folder in "TsbeehWidgetExtension" target */,
			);
			path = TsbeehWidget;
			sourceTree = "<group>";
		};
/* End PBXFileSystemSynchronizedRootGroup section */

/* Begin PBXFrameworksBuildPhase section */
		814C104F2F2F433800055263 /* Frameworks */ = {
			isa = PBXFrameworksBuildPhase;
			buildActionMask = 2147483647;
			files = (
			);
			runOnlyForDeploymentPostprocessing = 0;
		};
		814C105C2F2F433800055263 /* Frameworks */ = {
			isa = PBXFrameworksBuildPhase;
			buildActionMask = 2147483647;
			files = (
			);
			runOnlyForDeploymentPostprocessing = 0;
		};
		814C10662F2F433800055263 /* Frameworks */ = {
			isa = PBXFrameworksBuildPhase;
			buildActionMask = 2147483647;
			files = (
			);
			runOnlyForDeploymentPostprocessing = 0;
		};
		C17498A82F3A94B00044C6C3 /* Frameworks */ = {
			isa = PBXFrameworksBuildPhase;
			buildActionMask = 2147483647;
			files = (
				C17498B02F3A94B00044C6C3 /* SwiftUI.framework in Frameworks */,
				C17498AE2F3A94B00044C6C3 /* WidgetKit.framework in Frameworks */,
			);
			runOnlyForDeploymentPostprocessing = 0;
		};
/* End PBXFrameworksBuildPhase section */

/* Begin PBXGroup section */
		814C10492F2F433800055263 = {
			isa = PBXGroup;
			children = (
				C17498C62F3A988E0044C6C3 /* TsbeehWidgetExtension.entitlements */,
				57065ECE2F3BDFF400736779 /* NawafilApp */,
				814C10622F2F433800055263 /* NawafilAppTests */,
				814C106C2F2F433800055263 /* NawafilAppUITests */,
				C17498B12F3A94B00044C6C3 /* TsbeehWidget */,
				C17498AC2F3A94B00044C6C3 /* Frameworks */,
				814C10532F2F433800055263 /* Products */,
			);
			sourceTree = "<group>";
		};
		814C10532F2F433800055263 /* Products */ = {
			isa = PBXGroup;
			children = (
				814C10522F2F433800055263 /* NawafilApp.app */,
				814C105F2F2F433800055263 /* NawafilAppTests.xctest */,
				814C10692F2F433800055263 /* NawafilAppUITests.xctest */,
				C17498AB2F3A94B00044C6C3 /* TsbeehWidgetExtension.appex */,
			);
			name = Products;
			sourceTree = "<group>";
		};
		C17498AC2F3A94B00044C6C3 /* Frameworks */ = {
			isa = PBXGroup;
			children = (
				C17498AD2F3A94B00044C6C3 /* WidgetKit.framework */,
				C17498AF2F3A94B00044C6C3 /* SwiftUI.framework */,
			);
			name = Frameworks;
			sourceTree = "<group>";
		};
/* End PBXGroup section */

/* Begin PBXNativeTarget section */
		814C10512F2F433800055263 /* NawafilApp */ = {
			isa = PBXNativeTarget;
			buildConfigurationList = 814C10732F2F433800055263 /* Build configuration list for PBXNativeTarget "NawafilApp" */;
			buildPhases = (
				814C104E2F2F433800055263 /* Sources */,
				814C104F2F2F433800055263 /* Frameworks */,
				814C10502F2F433800055263 /* Resources */,
				C17498C02F3A94B10044C6C3 /* Embed Foundation Extensions */,
			);
			buildRules = (
			);
			dependencies = (
				C17498BE2F3A94B10044C6C3 /* PBXTargetDependency */,
			);
			fileSystemSynchronizedGroups = (
				57065ECE2F3BDFF400736779 /* NawafilApp */,
			);
			name = NawafilApp;
			packageProductDependencies = (
			);
			productName = NawafilApp;
			productReference = 814C10522F2F433800055263 /* NawafilApp.app */;
			productType = "com.apple.product-type.application";
		};
		814C105E2F2F433800055263 /* NawafilAppTests */ = {
			isa = PBXNativeTarget;
			buildConfigurationList = 814C10762F2F433800055263 /* Build configuration list for PBXNativeTarget "NawafilAppTests" */;
			buildPhases = (
				814C105B2F2F433800055263 /* Sources */,
				814C105C2F2F433800055263 /* Frameworks */,
				814C105D2F2F433800055263 /* Resources */,
			);
			buildRules = (
			);
			dependencies = (
				814C10612F2F433800055263 /* PBXTargetDependency */,
			);
			fileSystemSynchronizedGroups = (
				814C10622F2F433800055263 /* NawafilAppTests */,
			);
			name = NawafilAppTests;
			packageProductDependencies = (
			);
			productName = NawafilAppTests;
			productReference = 814C105F2F2F433800055263 /* NawafilAppTests.xctest */;
			productType = "com.apple.product-type.bundle.unit-test";
		};
		814C10682F2F433800055263 /* NawafilAppUITests */ = {
			isa = PBXNativeTarget;
			buildConfigurationList = 814C10792F2F433800055263 /* Build configuration list for PBXNativeTarget "NawafilAppUITests" */;
			buildPhases = (
				814C10652F2F433800055263 /* Sources */,
				814C10662F2F433800055263 /* Frameworks */,
				814C10672F2F433800055263 /* Resources */,
			);
			buildRules = (
			);
			dependencies = (
				814C106B2F2F433800055263 /* PBXTargetDependency */,
			);
			fileSystemSynchronizedGroups = (
				814C106C2F2F433800055263 /* NawafilAppUITests */,
			);
			name = NawafilAppUITests;
			packageProductDependencies = (
			);
			productName = NawafilAppUITests;
			productReference = 814C10692F2F433800055263 /* NawafilAppUITests.xctest */;
			productType = "com.apple.product-type.bundle.ui-testing";
		};
		C17498AA2F3A94B00044C6C3 /* TsbeehWidgetExtension */ = {
			isa = PBXNativeTarget;
			buildConfigurationList = C17498C42F3A94B10044C6C3 /* Build configuration list for PBXNativeTarget "TsbeehWidgetExtension" */;
			buildPhases = (
				C17498A72F3A94B00044C6C3 /* Sources */,
				C17498A82F3A94B00044C6C3 /* Frameworks */,
				C17498A92F3A94B00044C6C3 /* Resources */,
			);
			buildRules = (
			);
			dependencies = (
			);
			fileSystemSynchronizedGroups = (
				C17498B12F3A94B00044C6C3 /* TsbeehWidget */,
			);
			name = TsbeehWidgetExtension;
			packageProductDependencies = (
			);
			productName = TsbeehWidgetExtension;
			productReference = C17498AB2F3A94B00044C6C3 /* TsbeehWidgetExtension.appex */;
			productType = "com.apple.product-type.app-extension";
		};
/* End PBXNativeTarget section */

/* Begin PBXProject section */
		814C104A2F2F433800055263 /* Project object */ = {
			isa = PBXProject;
			attributes = {
				BuildIndependentTargetsInParallel = 1;
				LastSwiftUpdateCheck = 2620;
				LastUpgradeCheck = 2620;
				TargetAttributes = {
					814C10512F2F433800055263 = {
						CreatedOnToolsVersion = 26.2;
					};
					814C105E2F2F433800055263 = {
						CreatedOnToolsVersion = 26.2;
						TestTargetID = 814C10512F2F433800055263;
					};
					814C10682F2F433800055263 = {
						CreatedOnToolsVersion = 26.2;
						TestTargetID = 814C10512F2F433800055263;
					};
					C17498AA2F3A94B00044C6C3 = {
						CreatedOnToolsVersion = 26.2;
					};
				};
			};
			buildConfigurationList = 814C104D2F2F433800055263 /* Build configuration list for PBXProject "NawafilApp" */;
			developmentRegion = en;
			hasScannedForEncodings = 0;
			knownRegions = (
				en,
				Base,
			);
			mainGroup = 814C10492F2F433800055263;
			minimizedProjectReferenceProxies = 1;
			preferredProjectObjectVersion = 77;
			productRefGroup = 814C10532F2F433800055263 /* Products */;
			projectDirPath = "";
			projectRoot = "";
			targets = (
				814C10512F2F433800055263 /* NawafilApp */,
				814C105E2F2F433800055263 /* NawafilAppTests */,
				814C10682F2F433800055263 /* NawafilAppUITests */,
				C17498AA2F3A94B00044C6C3 /* TsbeehWidgetExtension */,
			);
		};
/* End PBXProject section */

/* Begin PBXResourcesBuildPhase section */
		814C10502F2F433800055263 /* Resources */ = {
			isa = PBXResourcesBuildPhase;
			buildActionMask = 2147483647;
			files = (
			);
			runOnlyForDeploymentPostprocessing = 0;
		};
		814C105D2F2F433800055263 /* Resources */ = {
			isa = PBXResourcesBuildPhase;
			buildActionMask = 2147483647;
			files = (
			);
			runOnlyForDeploymentPostprocessing = 0;
		};
		814C10672F2F433800055263 /* Resources */ = {
			isa = PBXResourcesBuildPhase;
			buildActionMask = 2147483647;
			files = (
			);
			runOnlyForDeploymentPostprocessing = 0;
		};
		C17498A92F3A94B00044C6C3 /* Resources */ = {
			isa = PBXResourcesBuildPhase;
			buildActionMask = 2147483647;
			files = (
			);
			runOnlyForDeploymentPostprocessing = 0;
		};
/* End PBXResourcesBuildPhase section */

/* Begin PBXSourcesBuildPhase section */
		814C104E2F2F433800055263 /* Sources */ = {
			isa = PBXSourcesBuildPhase;
			buildActionMask = 2147483647;
			files = (
			);
			runOnlyForDeploymentPostprocessing = 0;
		};
		814C105B2F2F433800055263 /* Sources */ = {
			isa = PBXSourcesBuildPhase;
			buildActionMask = 2147483647;
			files = (
			);
			runOnlyForDeploymentPostprocessing = 0;
		};
		814C10652F2F433800055263 /* Sources */ = {
			isa = PBXSourcesBuildPhase;
			buildActionMask = 2147483647;
			files = (
			);
			runOnlyForDeploymentPostprocessing = 0;
		};
		C17498A72F3A94B00044C6C3 /* Sources */ = {
			isa = PBXSourcesBuildPhase;
			buildActionMask = 2147483647;
			files = (
			);
			runOnlyForDeploymentPostprocessing = 0;
		};
/* End PBXSourcesBuildPhase section */

/* Begin PBXTargetDependency section */
		814C10612F2F433800055263 /* PBXTargetDependency */ = {
			isa = PBXTargetDependency;
			target = 814C10512F2F433800055263 /* NawafilApp */;
			targetProxy = 814C10602F2F433800055263 /* PBXContainerItemProxy */;
		};
		814C106B2F2F433800055263 /* PBXTargetDependency */ = {
			isa = PBXTargetDependency;
			target = 814C10512F2F433800055263 /* NawafilApp */;
			targetProxy = 814C106A2F2F433800055263 /* PBXContainerItemProxy */;
		};
		C17498BE2F3A94B10044C6C3 /* PBXTargetDependency */ = {
			isa = PBXTargetDependency;
			target = C17498AA2F3A94B00044C6C3 /* TsbeehWidgetExtension */;
			targetProxy = C17498BD2F3A94B10044C6C3 /* PBXContainerItemProxy */;
		};
/* End PBXTargetDependency section */

/* Begin XCBuildConfiguration section */
		814C10712F2F433800055263 /* Debug */ = {
			isa = XCBuildConfiguration;
			buildSettings = {
				ALWAYS_SEARCH_USER_PATHS = NO;
				ASSETCATALOG_COMPILER_GENERATE_SWIFT_ASSET_SYMBOL_EXTENSIONS = YES;
				CLANG_ANALYZER_NONNULL = YES;
				CLANG_ANALYZER_NUMBER_OBJECT_CONVERSION = YES_AGGRESSIVE;
				CLANG_CXX_LANGUAGE_STANDARD = "gnu++20";
				CLANG_ENABLE_MODULES = YES;
				CLANG_ENABLE_OBJC_ARC = YES;
				CLANG_ENABLE_OBJC_WEAK = YES;
				CLANG_WARN_BLOCK_CAPTURE_AUTORELEASING = YES;
				CLANG_WARN_BOOL_CONVERSION = YES;
				CLANG_WARN_COMMA = YES;
				CLANG_WARN_CONSTANT_CONVERSION = YES;
				CLANG_WARN_DEPRECATED_OBJC_IMPLEMENTATIONS = YES;
				CLANG_WARN_DIRECT_OBJC_ISA_USAGE = YES_ERROR;
				CLANG_WARN_DOCUMENTATION_COMMENTS = YES;
				CLANG_WARN_EMPTY_BODY = YES;
				CLANG_WARN_ENUM_CONVERSION = YES;
				CLANG_WARN_INFINITE_RECURSION = YES;
				CLANG_WARN_INT_CONVERSION = YES;
				CLANG_WARN_NON_LITERAL_NULL_CONVERSION = YES;
				CLANG_WARN_OBJC_IMPLICIT_RETAIN_SELF = YES;
				CLANG_WARN_OBJC_LITERAL_CONVERSION = YES;
				CLANG_WARN_OBJC_ROOT_CLASS = YES_ERROR;
				CLANG_WARN_QUOTED_INCLUDE_IN_FRAMEWORK_HEADER = YES;
				CLANG_WARN_RANGE_LOOP_ANALYSIS = YES;
				CLANG_WARN_STRICT_PROTOTYPES = YES;
				CLANG_WARN_SUSPICIOUS_MOVE = YES;
				CLANG_WARN_UNGUARDED_AVAILABILITY = YES_AGGRESSIVE;
				CLANG_WARN_UNREACHABLE_CODE = YES;
				CLANG_WARN__DUPLICATE_METHOD_MATCH = YES;
				COPY_PHASE_STRIP = NO;
				DEBUG_INFORMATION_FORMAT = dwarf;
				DEVELOPMENT_TEAM = RP25T56Z9T;
				ENABLE_STRICT_OBJC_MSGSEND = YES;
				ENABLE_TESTABILITY = YES;
				ENABLE_USER_SCRIPT_SANDBOXING = YES;
				GCC_C_LANGUAGE_STANDARD = gnu17;
				GCC_DYNAMIC_NO_PIC = NO;
				GCC_NO_COMMON_BLOCKS = YES;
				GCC_OPTIMIZATION_LEVEL = 0;
				GCC_PREPROCESSOR_DEFINITIONS = (
					"DEBUG=1",
					"$(inherited)",
				);
				GCC_WARN_64_TO_32_BIT_CONVERSION = YES;
				GCC_WARN_ABOUT_RETURN_TYPE = YES_ERROR;
				GCC_WARN_UNDECLARED_SELECTOR = YES;
				GCC_WARN_UNINITIALIZED_AUTOS = YES_AGGRESSIVE;
				GCC_WARN_UNUSED_FUNCTION = YES;
				GCC_WARN_UNUSED_VARIABLE = YES;
				IPHONEOS_DEPLOYMENT_TARGET = 26.2;
				LOCALIZATION_PREFERS_STRING_CATALOGS = YES;
				MTL_ENABLE_DEBUG_INFO = INCLUDE_SOURCE;
				MTL_FAST_MATH = YES;
				ONLY_ACTIVE_ARCH = YES;
				SDKROOT = iphoneos;
				SWIFT_ACTIVE_COMPILATION_CONDITIONS = "DEBUG $(inherited)";
				SWIFT_OPTIMIZATION_LEVEL = "-Onone";
			};
			name = Debug;
		};
		814C10722F2F433800055263 /* Release */ = {
			isa = XCBuildConfiguration;
			buildSettings = {
				ALWAYS_SEARCH_USER_PATHS = NO;
				ASSETCATALOG_COMPILER_GENERATE_SWIFT_ASSET_SYMBOL_EXTENSIONS = YES;
				CLANG_ANALYZER_NONNULL = YES;
				CLANG_ANALYZER_NUMBER_OBJECT_CONVERSION = YES_AGGRESSIVE;
				CLANG_CXX_LANGUAGE_STANDARD = "gnu++20";
				CLANG_ENABLE_MODULES = YES;
				CLANG_ENABLE_OBJC_ARC = YES;
				CLANG_ENABLE_OBJC_WEAK = YES;
				CLANG_WARN_BLOCK_CAPTURE_AUTORELEASING = YES;
				CLANG_WARN_BOOL_CONVERSION = YES;
				CLANG_WARN_COMMA = YES;
				CLANG_WARN_CONSTANT_CONVERSION = YES;
				CLANG_WARN_DEPRECATED_OBJC_IMPLEMENTATIONS = YES;
				CLANG_WARN_DIRECT_OBJC_ISA_USAGE = YES_ERROR;
				CLANG_WARN_DOCUMENTATION_COMMENTS = YES;
				CLANG_WARN_EMPTY_BODY = YES;
				CLANG_WARN_ENUM_CONVERSION = YES;
				CLANG_WARN_INFINITE_RECURSION = YES;
				CLANG_WARN_INT_CONVERSION = YES;
				CLANG_WARN_NON_LITERAL_NULL_CONVERSION = YES;
				CLANG_WARN_OBJC_IMPLICIT_RETAIN_SELF = YES;
				CLANG_WARN_OBJC_LITERAL_CONVERSION = YES;
				CLANG_WARN_OBJC_ROOT_CLASS = YES_ERROR;
				CLANG_WARN_QUOTED_INCLUDE_IN_FRAMEWORK_HEADER = YES;
				CLANG_WARN_RANGE_LOOP_ANALYSIS = YES;
				CLANG_WARN_STRICT_PROTOTYPES = YES;
				CLANG_WARN_SUSPICIOUS_MOVE = YES;
				CLANG_WARN_UNGUARDED_AVAILABILITY = YES_AGGRESSIVE;
				CLANG_WARN_UNREACHABLE_CODE = YES;
				CLANG_WARN__DUPLICATE_METHOD_MATCH = YES;
				COPY_PHASE_STRIP = NO;
				DEBUG_INFORMATION_FORMAT = "dwarf-with-dsym";
				DEVELOPMENT_TEAM = RP25T56Z9T;
				ENABLE_NS_ASSERTIONS = NO;
				ENABLE_STRICT_OBJC_MSGSEND = YES;
				ENABLE_USER_SCRIPT_SANDBOXING = YES;
				GCC_C_LANGUAGE_STANDARD = gnu17;
				GCC_NO_COMMON_BLOCKS = YES;
				GCC_WARN_64_TO_32_BIT_CONVERSION = YES;
				GCC_WARN_ABOUT_RETURN_TYPE = YES_ERROR;
				GCC_WARN_UNDECLARED_SELECTOR = YES;
				GCC_WARN_UNINITIALIZED_AUTOS = YES_AGGRESSIVE;
				GCC_WARN_UNUSED_FUNCTION = YES;
				GCC_WARN_UNUSED_VARIABLE = YES;
				IPHONEOS_DEPLOYMENT_TARGET = 26.2;
				LOCALIZATION_PREFERS_STRING_CATALOGS = YES;
				MTL_ENABLE_DEBUG_INFO = NO;
				MTL_FAST_MATH = YES;
				SDKROOT = iphoneos;
				SWIFT_COMPILATION_MODE = wholemodule;
				VALIDATE_PRODUCT = YES;
			};
			name = Release;
		};
		814C10742F2F433800055263 /* Debug */ = {
			isa = XCBuildConfiguration;
			buildSettings = {
				ASSETCATALOG_COMPILER_APPICON_NAME = AppIcon;
				ASSETCATALOG_COMPILER_GLOBAL_ACCENT_COLOR_NAME = AccentColor;
				CODE_SIGN_ENTITLEMENTS = NawafilApp/NawafilApp.entitlements;
				CODE_SIGN_IDENTITY = "Apple Development";
				CODE_SIGN_STYLE = Automatic;
				CURRENT_PROJECT_VERSION = 1;
				DEVELOPMENT_TEAM = BY7KD87586;
				ENABLE_PREVIEWS = YES;
				GENERATE_INFOPLIST_FILE = YES;
				INFOPLIST_KEY_CFBundleDisplayName = "نافل";
				INFOPLIST_KEY_NSLocationWhenInUseUsageDescription = "";
				INFOPLIST_KEY_UIApplicationSceneManifest_Generation = YES;
				INFOPLIST_KEY_UIApplicationSupportsIndirectInputEvents = YES;
				INFOPLIST_KEY_UILaunchScreen_Generation = YES;
				INFOPLIST_KEY_UISupportedInterfaceOrientations_iPad = "UIInterfaceOrientationPortrait UIInterfaceOrientationPortraitUpsideDown UIInterfaceOrientationLandscapeLeft UIInterfaceOrientationLandscapeRight";
				INFOPLIST_KEY_UISupportedInterfaceOrientations_iPhone = "UIInterfaceOrientationPortrait UIInterfaceOrientationLandscapeLeft UIInterfaceOrientationLandscapeRight";
				LD_RUNPATH_SEARCH_PATHS = (
					"$(inherited)",
					"@executable_path/Frameworks",
				);
				MARKETING_VERSION = 1.0;
				PRODUCT_BUNDLE_IDENTIFIER = nafilapp.com.app;
				PRODUCT_NAME = "$(TARGET_NAME)";
				PROVISIONING_PROFILE_SPECIFIER = "";
				STRING_CATALOG_GENERATE_SYMBOLS = YES;
				SWIFT_APPROACHABLE_CONCURRENCY = YES;
				SWIFT_DEFAULT_ACTOR_ISOLATION = MainActor;
				SWIFT_EMIT_LOC_STRINGS = YES;
				SWIFT_UPCOMING_FEATURE_MEMBER_IMPORT_VISIBILITY = YES;
				SWIFT_VERSION = 5.0;
				TARGETED_DEVICE_FAMILY = "1,2";
			};
			name = Debug;
		};
		814C10752F2F433800055263 /* Release */ = {
			isa = XCBuildConfiguration;
			buildSettings = {
				ASSETCATALOG_COMPILER_APPICON_NAME = AppIcon;
				ASSETCATALOG_COMPILER_GLOBAL_ACCENT_COLOR_NAME = AccentColor;
				CODE_SIGN_ENTITLEMENTS = NawafilApp/NawafilApp.entitlements;
				CODE_SIGN_IDENTITY = "Apple Development";
				CODE_SIGN_STYLE = Automatic;
				CURRENT_PROJECT_VERSION = 1;
				DEVELOPMENT_TEAM = BY7KD87586;
				ENABLE_PREVIEWS = YES;
				GENERATE_INFOPLIST_FILE = YES;
				INFOPLIST_KEY_CFBundleDisplayName = "نافل";
				INFOPLIST_KEY_NSLocationWhenInUseUsageDescription = "";
				INFOPLIST_KEY_UIApplicationSceneManifest_Generation = YES;
				INFOPLIST_KEY_UIApplicationSupportsIndirectInputEvents = YES;
				INFOPLIST_KEY_UILaunchScreen_Generation = YES;
				INFOPLIST_KEY_UISupportedInterfaceOrientations_iPad = "UIInterfaceOrientationPortrait UIInterfaceOrientationPortraitUpsideDown UIInterfaceOrientationLandscapeLeft UIInterfaceOrientationLandscapeRight";
				INFOPLIST_KEY_UISupportedInterfaceOrientations_iPhone = "UIInterfaceOrientationPortrait UIInterfaceOrientationLandscapeLeft UIInterfaceOrientationLandscapeRight";
				LD_RUNPATH_SEARCH_PATHS = (
					"$(inherited)",
					"@executable_path/Frameworks",
				);
				MARKETING_VERSION = 1.0;
				PRODUCT_BUNDLE_IDENTIFIER = nafilapp.com.app;
				PRODUCT_NAME = "$(TARGET_NAME)";
				PROVISIONING_PROFILE_SPECIFIER = "";
				STRING_CATALOG_GENERATE_SYMBOLS = YES;
				SWIFT_APPROACHABLE_CONCURRENCY = YES;
				SWIFT_DEFAULT_ACTOR_ISOLATION = MainActor;
				SWIFT_EMIT_LOC_STRINGS = YES;
				SWIFT_UPCOMING_FEATURE_MEMBER_IMPORT_VISIBILITY = YES;
				SWIFT_VERSION = 5.0;
				TARGETED_DEVICE_FAMILY = "1,2";
			};
			name = Release;
		};
		814C10772F2F433800055263 /* Debug */ = {
			isa = XCBuildConfiguration;
			buildSettings = {
				BUNDLE_LOADER = "$(TEST_HOST)";
				CODE_SIGN_STYLE = Automatic;
				CURRENT_PROJECT_VERSION = 1;
				DEVELOPMENT_TEAM = Y5W5LXFP36;
				GENERATE_INFOPLIST_FILE = YES;
				IPHONEOS_DEPLOYMENT_TARGET = 26.2;
				MARKETING_VERSION = 1.0;
				PRODUCT_BUNDLE_IDENTIFIER = NawafilApp.com.NawafilAppTests;
				PRODUCT_NAME = "$(TARGET_NAME)";
				STRING_CATALOG_GENERATE_SYMBOLS = NO;
				SWIFT_APPROACHABLE_CONCURRENCY = YES;
				SWIFT_EMIT_LOC_STRINGS = NO;
				SWIFT_UPCOMING_FEATURE_MEMBER_IMPORT_VISIBILITY = YES;
				SWIFT_VERSION = 5.0;
				TARGETED_DEVICE_FAMILY = "1,2";
				TEST_HOST = "$(BUILT_PRODUCTS_DIR)/NawafilApp.app/$(BUNDLE_EXECUTABLE_FOLDER_PATH)/NawafilApp";
			};
			name = Debug;
		};
		814C10782F2F433800055263 /* Release */ = {
			isa = XCBuildConfiguration;
			buildSettings = {
				BUNDLE_LOADER = "$(TEST_HOST)";
				CODE_SIGN_STYLE = Automatic;
				CURRENT_PROJECT_VERSION = 1;
				DEVELOPMENT_TEAM = Y5W5LXFP36;
				GENERATE_INFOPLIST_FILE = YES;
				IPHONEOS_DEPLOYMENT_TARGET = 26.2;
				MARKETING_VERSION = 1.0;
				PRODUCT_BUNDLE_IDENTIFIER = NawafilApp.com.NawafilAppTests;
				PRODUCT_NAME = "$(TARGET_NAME)";
				STRING_CATALOG_GENERATE_SYMBOLS = NO;
				SWIFT_APPROACHABLE_CONCURRENCY = YES;
				SWIFT_EMIT_LOC_STRINGS = NO;
				SWIFT_UPCOMING_FEATURE_MEMBER_IMPORT_VISIBILITY = YES;
				SWIFT_VERSION = 5.0;
				TARGETED_DEVICE_FAMILY = "1,2";
				TEST_HOST = "$(BUILT_PRODUCTS_DIR)/NawafilApp.app/$(BUNDLE_EXECUTABLE_FOLDER_PATH)/NawafilApp";
			};
			name = Release;
		};
		814C107A2F2F433800055263 /* Debug */ = {
			isa = XCBuildConfiguration;
			buildSettings = {
				CODE_SIGN_STYLE = Automatic;
				CURRENT_PROJECT_VERSION = 1;
				DEVELOPMENT_TEAM = 723QH6KYHD;
				GENERATE_INFOPLIST_FILE = YES;
				MARKETING_VERSION = 1.0;
				PRODUCT_BUNDLE_IDENTIFIER = NawafilApp.com.NawafilAppUITests;
				PRODUCT_NAME = "$(TARGET_NAME)";
				STRING_CATALOG_GENERATE_SYMBOLS = NO;
				SWIFT_APPROACHABLE_CONCURRENCY = YES;
				SWIFT_EMIT_LOC_STRINGS = NO;
				SWIFT_UPCOMING_FEATURE_MEMBER_IMPORT_VISIBILITY = YES;
				SWIFT_VERSION = 5.0;
				TARGETED_DEVICE_FAMILY = "1,2";
				TEST_TARGET_NAME = NawafilApp;
			};
			name = Debug;
		};
		814C107B2F2F433800055263 /* Release */ = {
			isa = XCBuildConfiguration;
			buildSettings = {
				CODE_SIGN_STYLE = Automatic;
				CURRENT_PROJECT_VERSION = 1;
				DEVELOPMENT_TEAM = 723QH6KYHD;
				GENERATE_INFOPLIST_FILE = YES;
				MARKETING_VERSION = 1.0;
				PRODUCT_BUNDLE_IDENTIFIER = NawafilApp.com.NawafilAppUITests;
				PRODUCT_NAME = "$(TARGET_NAME)";
				STRING_CATALOG_GENERATE_SYMBOLS = NO;
				SWIFT_APPROACHABLE_CONCURRENCY = YES;
				SWIFT_EMIT_LOC_STRINGS = NO;
				SWIFT_UPCOMING_FEATURE_MEMBER_IMPORT_VISIBILITY = YES;
				SWIFT_VERSION = 5.0;
				TARGETED_DEVICE_FAMILY = "1,2";
				TEST_TARGET_NAME = NawafilApp;
			};
			name = Release;
		};
		C17498C12F3A94B10044C6C3 /* Debug */ = {
			isa = XCBuildConfiguration;
			buildSettings = {
				ASSETCATALOG_COMPILER_GLOBAL_ACCENT_COLOR_NAME = AccentColor;
				ASSETCATALOG_COMPILER_WIDGET_BACKGROUND_COLOR_NAME = WidgetBackground;
				CODE_SIGN_ENTITLEMENTS = TsbeehWidgetExtension.entitlements;
				CODE_SIGN_STYLE = Automatic;
				CURRENT_PROJECT_VERSION = 1;
				DEVELOPMENT_TEAM = BY7KD87586;
				GENERATE_INFOPLIST_FILE = YES;
				INFOPLIST_FILE = TsbeehWidget/Info.plist;
				INFOPLIST_KEY_CFBundleDisplayName = TsbeehWidget;
				INFOPLIST_KEY_NSHumanReadableCopyright = "";
				LD_RUNPATH_SEARCH_PATHS = (
					"$(inherited)",
					"@executable_path/Frameworks",
					"@executable_path/../../Frameworks",
				);
				MARKETING_VERSION = 1.0;
				PRODUCT_BUNDLE_IDENTIFIER = nafilapp.com.app.widget;
				PRODUCT_NAME = "$(TARGET_NAME)";
				SKIP_INSTALL = YES;
				STRING_CATALOG_GENERATE_SYMBOLS = YES;
				SWIFT_APPROACHABLE_CONCURRENCY = YES;
				SWIFT_EMIT_LOC_STRINGS = YES;
				SWIFT_UPCOMING_FEATURE_MEMBER_IMPORT_VISIBILITY = YES;
				SWIFT_VERSION = 5.0;
				TARGETED_DEVICE_FAMILY = "1,2";
			};
			name = Debug;
		};
		C17498C22F3A94B10044C6C3 /* Release */ = {
			isa = XCBuildConfiguration;
			buildSettings = {
				ASSETCATALOG_COMPILER_GLOBAL_ACCENT_COLOR_NAME = AccentColor;
				ASSETCATALOG_COMPILER_WIDGET_BACKGROUND_COLOR_NAME = WidgetBackground;
				CODE_SIGN_ENTITLEMENTS = TsbeehWidgetExtension.entitlements;
				CODE_SIGN_STYLE = Automatic;
				CURRENT_PROJECT_VERSION = 1;
				DEVELOPMENT_TEAM = BY7KD87586;
				GENERATE_INFOPLIST_FILE = YES;
				INFOPLIST_FILE = TsbeehWidget/Info.plist;
				INFOPLIST_KEY_CFBundleDisplayName = TsbeehWidget;
				INFOPLIST_KEY_NSHumanReadableCopyright = "";
				LD_RUNPATH_SEARCH_PATHS = (
					"$(inherited)",
					"@executable_path/Frameworks",
					"@executable_path/../../Frameworks",
				);
				MARKETING_VERSION = 1.0;
				PRODUCT_BUNDLE_IDENTIFIER = nafilapp.com.app.widget;
				PRODUCT_NAME = "$(TARGET_NAME)";
				SKIP_INSTALL = YES;
				STRING_CATALOG_GENERATE_SYMBOLS = YES;
				SWIFT_APPROACHABLE_CONCURRENCY = YES;
				SWIFT_EMIT_LOC_STRINGS = YES;
				SWIFT_UPCOMING_FEATURE_MEMBER_IMPORT_VISIBILITY = YES;
				SWIFT_VERSION = 5.0;
				TARGETED_DEVICE_FAMILY = "1,2";
			};
			name = Release;
		};
/* End XCBuildConfiguration section */

/* Begin XCConfigurationList section */
		814C104D2F2F433800055263 /* Build configuration list for PBXProject "NawafilApp" */ = {
			isa = XCConfigurationList;
			buildConfigurations = (
				814C10712F2F433800055263 /* Debug */,
				814C10722F2F433800055263 /* Release */,
			);
			defaultConfigurationIsVisible = 0;
			defaultConfigurationName = Release;
		};
		814C10732F2F433800055263 /* Build configuration list for PBXNativeTarget "NawafilApp" */ = {
			isa = XCConfigurationList;
			buildConfigurations = (
				814C10742F2F433800055263 /* Debug */,
				814C10752F2F433800055263 /* Release */,
			);
			defaultConfigurationIsVisible = 0;
			defaultConfigurationName = Release;
		};
		814C10762F2F433800055263 /* Build configuration list for PBXNativeTarget "NawafilAppTests" */ = {
			isa = XCConfigurationList;
			buildConfigurations = (
				814C10772F2F433800055263 /* Debug */,
				814C10782F2F433800055263 /* Release */,
			);
			defaultConfigurationIsVisible = 0;
			defaultConfigurationName = Release;
		};
		814C10792F2F433800055263 /* Build configuration list for PBXNativeTarget "NawafilAppUITests" */ = {
			isa = XCConfigurationList;
			buildConfigurations = (
				814C107A2F2F433800055263 /* Debug */,
				814C107B2F2F433800055263 /* Release */,
			);
			defaultConfigurationIsVisible = 0;
			defaultConfigurationName = Release;
		};
		C17498C42F3A94B10044C6C3 /* Build configuration list for PBXNativeTarget "TsbeehWidgetExtension" */ = {
			isa = XCConfigurationList;
			buildConfigurations = (
				C17498C12F3A94B10044C6C3 /* Debug */,
				C17498C22F3A94B10044C6C3 /* Release */,
			);
			defaultConfigurationIsVisible = 0;
			defaultConfigurationName = Release;
		};
/* End XCConfigurationList section */
	};
	rootObject = 814C104A2F2F433800055263 /* Project object */;
}
